
Microsoft Visual Studio Solution File, Format Version 12.00
# Visual Studio Version 16
VisualStudioVersion = 16.0.30621.155
MinimumVisualStudioVersion = 10.0.40219.1
Project("{FAE04EC0-301F-11D3-BF4B-00C04F79EFBC}") = "01_MenuItem_Repository", "01_MenuItem_Repository\01_MenuItem_Repository.csproj", "{89A0072F-F895-4C4B-A503-6BA5BCFF311C}"
EndProject
Project("{FAE04EC0-301F-11D3-BF4B-00C04F79EFBC}") = "01_MenuItem_Console", "01_MenuItem_Console\01_MenuItem_Console.csproj", "{23BB5B37-0F55-4070-AA6C-6CFB672BCB4C}"
EndProject
Project("{FAE04EC0-301F-11D3-BF4B-00C04F79EFBC}") = "01_MenuItem_Tests", "01_MenuItem_Tests\01_MenuItem_Tests.csproj", "{12D01298-0A9F-412E-9F9A-0F1DC704AC51}"
EndProject
Project("{FAE04EC0-301F-11D3-BF4B-00C04F79EFBC}") = "02_KomodoClaims_Repository", "02_KomodoClaims_Repository\02_KomodoClaims_Repository.csproj", "{52739374-FED3-4B7E-BDC7-7F1A3E5A3483}"
EndProject
Project("{FAE04EC0-301F-11D3-BF4B-00C04F79EFBC}") = "02_KomodoClaims_Console", "02_KomodoClaims_Console\02_KomodoClaims_Console.csproj", "{580163B9-DE7C-4428-B8F6-035893B1EFBF}"
EndProject
Project("{FAE04EC0-301F-11D3-BF4B-00C04F79EFBC}") = "02_KomodoClaims_Tests", "02_KomodoClaims_Tests\02_KomodoClaims_Tests.csproj", "{AC1C0321-EB7E-4726-B096-83C17E6B9D3A}"
EndProject
Project("{2150E333-8FDC-42A3-9474-1A3956D46DE8}") = "Solution Items", "Solution Items", "{575C5638-7454-4992-BD57-3D535FB8157D}"
	ProjectSection(SolutionItems) = preProject
		README.txt = README.txt
	EndProjectSection
EndProject
Project("{FAE04EC0-301F-11D3-BF4B-00C04F79EFBC}") = "03_Badges_Repository", "03_Badges_Repository\03_Badges_Repository.csproj", "{BC8AE7CD-7F76-43E9-9A53-CF431DF9D485}"
EndProject
Project("{FAE04EC0-301F-11D3-BF4B-00C04F79EFBC}") = "03_Badges_Tests", "03_Badges_Tests\03_Badges_Tests.csproj", "{3BC4F182-08A6-4C30-91CB-F72BDF011058}"
EndProject
Project("{FAE04EC0-301F-11D3-BF4B-00C04F79EFBC}") = "03_Badges_Console", "03_Badges_Console\03_Badges_Console.csproj", "{FA83D9A9-F064-40F4-97F4-777DD6147228}"
EndProject
Global
	GlobalSection(SolutionConfigurationPlatforms) = preSolution
		Debug|Any CPU = Debug|Any CPU
		Release|Any CPU = Release|Any CPU
	EndGlobalSection
	GlobalSection(ProjectConfigurationPlatforms) = postSolution
		{89A0072F-F895-4C4B-A503-6BA5BCFF311C}.Debug|Any CPU.ActiveCfg = Debug|Any CPU
		{89A0072F-F895-4C4B-A503-6BA5BCFF311C}.Debug|Any CPU.Build.0 = Debug|Any CPU
		{89A0072F-F895-4C4B-A503-6BA5BCFF311C}.Release|Any CPU.ActiveCfg = Release|Any CPU
		{89A0072F-F895-4C4B-A503-6BA5BCFF311C}.Release|Any CPU.Build.0 = Release|Any CPU
		{23BB5B37-0F55-4070-AA6C-6CFB672BCB4C}.Debug|Any CPU.ActiveCfg = Debug|Any CPU
		{23BB5B37-0F55-4070-AA6C-6CFB672BCB4C}.Debug|Any CPU.Build.0 = Debug|Any CPU
		{23BB5B37-0F55-4070-AA6C-6CFB672BCB4C}.Release|Any CPU.ActiveCfg = Release|Any CPU
		{23BB5B37-0F55-4070-AA6C-6CFB672BCB4C}.Release|Any CPU.Build.0 = Release|Any CPU
		{12D01298-0A9F-412E-9F9A-0F1DC704AC51}.Debug|Any CPU.ActiveCfg = Debug|Any CPU
		{12D01298-0A9F-412E-9F9A-0F1DC704AC51}.Debug|Any CPU.Build.0 = Debug|Any CPU
		{12D01298-0A9F-412E-9F9A-0F1DC704AC51}.Release|Any CPU.ActiveCfg = Release|Any CPU
		{12D01298-0A9F-412E-9F9A-0F1DC704AC51}.Release|Any CPU.Build.0 = Release|Any CPU
		{52739374-FED3-4B7E-BDC7-7F1A3E5A3483}.Debug|Any CPU.ActiveCfg = Debug|Any CPU
		{52739374-FED3-4B7E-BDC7-7F1A3E5A3483}.Debug|Any CPU.Build.0 = Debug|Any CPU
		{52739374-FED3-4B7E-BDC7-7F1A3E5A3483}.Release|Any CPU.ActiveCfg = Release|Any CPU
		{52739374-FED3-4B7E-BDC7-7F1A3E5A3483}.Release|Any CPU.Build.0 = Release|Any CPU
		{580163B9-DE7C-4428-B8F6-035893B1EFBF}.Debug|Any CPU.ActiveCfg = Debug|Any CPU
		{580163B9-DE7C-4428-B8F6-035893B1EFBF}.Debug|Any CPU.Build.0 = Debug|Any CPU
		{580163B9-DE7C-4428-B8F6-035893B1EFBF}.Release|Any CPU.ActiveCfg = Release|Any CPU
		{580163B9-DE7C-4428-B8F6-035893B1EFBF}.Release|Any CPU.Build.0 = Release|Any CPU
		{AC1C0321-EB7E-4726-B096-83C17E6B9D3A}.Debug|Any CPU.ActiveCfg = Debug|Any CPU
		{AC1C0321-EB7E-4726-B096-83C17E6B9D3A}.Debug|Any CPU.Build.0 = Debug|Any CPU
		{AC1C0321-EB7E-4726-B096-83C17E6B9D3A}.Release|Any CPU.ActiveCfg = Release|Any CPU
		{AC1C0321-EB7E-4726-B096-83C17E6B9D3A}.Release|Any CPU.Build.0 = Release|Any CPU
		{BC8AE7CD-7F76-43E9-9A53-CF431DF9D485}.Debug|Any CPU.ActiveCfg = Debug|Any CPU
		{BC8AE7CD-7F76-43E9-9A53-CF431DF9D485}.Debug|Any CPU.Build.0 = Debug|Any CPU
		{BC8AE7CD-7F76-43E9-9A53-CF431DF9D485}.Release|Any CPU.ActiveCfg = Release|Any CPU
		{BC8AE7CD-7F76-43E9-9A53-CF431DF9D485}.Release|Any CPU.Build.0 = Release|Any CPU
		{3BC4F182-08A6-4C30-91CB-F72BDF011058}.Debug|Any CPU.ActiveCfg = Debug|Any CPU
		{3BC4F182-08A6-4C30-91CB-F72BDF011058}.Debug|Any CPU.Build.0 = Debug|Any CPU
		{3BC4F182-08A6-4C30-91CB-F72BDF011058}.Release|Any CPU.ActiveCfg = Release|Any CPU
		{3BC4F182-08A6-4C30-91CB-F72BDF011058}.Release|Any CPU.Build.0 = Release|Any CPU
		{FA83D9A9-F064-40F4-97F4-777DD6147228}.Debug|Any CPU.ActiveCfg = Debug|Any CPU
		{FA83D9A9-F064-40F4-97F4-777DD6147228}.Debug|Any CPU.Build.0 = Debug|Any CPU
		{FA83D9A9-F064-40F4-97F4-777DD6147228}.Release|Any CPU.ActiveCfg = Release|Any CPU
		{FA83D9A9-F064-40F4-97F4-777DD6147228}.Release|Any CPU.Build.0 = Release|Any CPU
	EndGlobalSection
	GlobalSection(SolutionProperties) = preSolution
		HideSolutionNode = FALSE
	EndGlobalSection
	GlobalSection(ExtensibilityGlobals) = postSolution
		SolutionGuid = {6DDA24FC-3C3D-4E31-8063-65A97F319580}
	EndGlobalSection
EndGlobal
