
Microsoft Visual Studio Solution File, Format Version 12.00
# Visual Studio Version 16
VisualStudioVersion = 16.0.30621.155
MinimumVisualStudioVersion = 10.0.40219.1
Project("{FAE04EC0-301F-11D3-BF4B-00C04F79EFBC}") = "01_MenuItem_Repository", "01_MenuItem_Repository\01_MenuItem_Repository.csproj", "{89A0072F-F895-4C4B-A503-6BA5BCFF311C}"
EndProject
Project("{FAE04EC0-301F-11D3-BF4B-00C04F79EFBC}") = "01_MenuItem_Console", "01_MenuItem_Console\01_MenuItem_Console.csproj", "{23BB5B37-0F55-4070-AA6C-6CFB672BCB4C}"
EndProject
Global
	GlobalSection(SolutionConfigurationPlatforms) = preSolution
		Debug|Any CPU = Debug|Any CPU
		Release|Any CPU = Release|Any CPU
	EndGlobalSection
	GlobalSection(ProjectConfigurationPlatforms) = postSolution
		{89A0072F-F895-4C4B-A503-6BA5BCFF311C}.Debug|Any CPU.ActiveCfg = Debug|Any CPU
		{89A0072F-F895-4C4B-A503-6BA5BCFF311C}.Debug|Any CPU.Build.0 = Debug|Any CPU
		{89A0072F-F895-4C4B-A503-6BA5BCFF311C}.Release|Any CPU.ActiveCfg = Release|Any CPU
		{89A0072F-F895-4C4B-A503-6BA5BCFF311C}.Release|Any CPU.Build.0 = Release|Any CPU
		{23BB5B37-0F55-4070-AA6C-6CFB672BCB4C}.Debug|Any CPU.ActiveCfg = Debug|Any CPU
		{23BB5B37-0F55-4070-AA6C-6CFB672BCB4C}.Debug|Any CPU.Build.0 = Debug|Any CPU
		{23BB5B37-0F55-4070-AA6C-6CFB672BCB4C}.Release|Any CPU.ActiveCfg = Release|Any CPU
		{23BB5B37-0F55-4070-AA6C-6CFB672BCB4C}.Release|Any CPU.Build.0 = Release|Any CPU
	EndGlobalSection
	GlobalSection(SolutionProperties) = preSolution
		HideSolutionNode = FALSE
	EndGlobalSection
	GlobalSection(ExtensibilityGlobals) = postSolution
		SolutionGuid = {6DDA24FC-3C3D-4E31-8063-65A97F319580}
	EndGlobalSection
EndGlobal
